
Microsoft Visual Studio Solution File, Format Version 12.00
# Visual Studio 15
VisualStudioVersion = 15.0.27004.2010
MinimumVisualStudioVersion = 10.0.40219.1
Project("{FAE04EC0-301F-11D3-BF4B-00C04F79EFBC}") = "ContosoUniversity", "ContosoUniversity\ContosoUniversity.csproj", "{37569025-2C39-44F4-8E27-BED24F53DCBA}"
EndProject
Global
	GlobalSection(SolutionConfigurationPlatforms) = preSolution
		Debug|Any CPU = Debug|Any CPU
		Release|Any CPU = Release|Any CPU
	EndGlobalSection
	GlobalSection(ProjectConfigurationPlatforms) = postSolution
		{37569025-2C39-44F4-8E27-BED24F53DCBA}.Debug|Any CPU.ActiveCfg = Debug|Any CPU
		{37569025-2C39-44F4-8E27-BED24F53DCBA}.Debug|Any CPU.Build.0 = Debug|Any CPU
		{37569025-2C39-44F4-8E27-BED24F53DCBA}.Release|Any CPU.ActiveCfg = Release|Any CPU
		{37569025-2C39-44F4-8E27-BED24F53DCBA}.Release|Any CPU.Build.0 = Release|Any CPU
	EndGlobalSection
	GlobalSection(SolutionProperties) = preSolution
		HideSolutionNode = FALSE
	EndGlobalSection
	GlobalSection(ExtensibilityGlobals) = postSolution
		SolutionGuid = {082A5169-4EF8-4064-BC89-5CBAF9BEDAA5}
	EndGlobalSection
EndGlobal
